
Microsoft Visual Studio Solution File, Format Version 12.00
# Visual Studio Version 17
VisualStudioVersion = 17.14.36623.8
MinimumVisualStudioVersion = 10.0.40219.1
Project("{FAE04EC0-301F-11D3-BF4B-00C04F79EFBC}") = "Trabajo SQL_C#", "Trabajo SQL_C#.csproj", "{A148597A-5779-4140-9555-5FD71E06459B}"
EndProject
Project("{54435603-DBB4-11D2-8724-00A0C9A8B90C}") = "Trabajo_CDS_Maximiliano_Matias", "..\Trabajo_CDS_Maximiliano_Matias\Trabajo_CDS_Maximiliano_Matias.vdproj", "{0E43DAB0-4B2F-84DA-596E-A2F7BD5E8AEE}"
EndProject
Global
	GlobalSection(SolutionConfigurationPlatforms) = preSolution
		Debug|Any CPU = Debug|Any CPU
		Release|Any CPU = Release|Any CPU
	EndGlobalSection
	GlobalSection(ProjectConfigurationPlatforms) = postSolution
		{A148597A-5779-4140-9555-5FD71E06459B}.Debug|Any CPU.ActiveCfg = Debug|Any CPU
		{A148597A-5779-4140-9555-5FD71E06459B}.Debug|Any CPU.Build.0 = Debug|Any CPU
		{A148597A-5779-4140-9555-5FD71E06459B}.Release|Any CPU.ActiveCfg = Release|Any CPU
		{A148597A-5779-4140-9555-5FD71E06459B}.Release|Any CPU.Build.0 = Release|Any CPU
		{0E43DAB0-4B2F-84DA-596E-A2F7BD5E8AEE}.Debug|Any CPU.ActiveCfg = Debug
		{0E43DAB0-4B2F-84DA-596E-A2F7BD5E8AEE}.Release|Any CPU.ActiveCfg = Release
	EndGlobalSection
	GlobalSection(SolutionProperties) = preSolution
		HideSolutionNode = FALSE
	EndGlobalSection
	GlobalSection(ExtensibilityGlobals) = postSolution
		SolutionGuid = {1E3A5918-E03A-4644-A037-94AE3F5618E7}
	EndGlobalSection
EndGlobal
